
Microsoft Visual Studio Solution File, Format Version 12.00
# Visual Studio Version 16
VisualStudioVersion = 16.0.31911.196
MinimumVisualStudioVersion = 10.0.40219.1
Project("{FAE04EC0-301F-11D3-BF4B-00C04F79EFBC}") = "WinFormsApp1", "WinFormsApp1.csproj", "{C8E6033D-AF09-4F86-B933-AB61E66D28EE}"
EndProject
Global
	GlobalSection(SolutionConfigurationPlatforms) = preSolution
		Debug|Any CPU = Debug|Any CPU
		Release|Any CPU = Release|Any CPU
	EndGlobalSection
	GlobalSection(ProjectConfigurationPlatforms) = postSolution
		{C8E6033D-AF09-4F86-B933-AB61E66D28EE}.Debug|Any CPU.ActiveCfg = Debug|Any CPU
		{C8E6033D-AF09-4F86-B933-AB61E66D28EE}.Debug|Any CPU.Build.0 = Debug|Any CPU
		{C8E6033D-AF09-4F86-B933-AB61E66D28EE}.Release|Any CPU.ActiveCfg = Release|Any CPU
		{C8E6033D-AF09-4F86-B933-AB61E66D28EE}.Release|Any CPU.Build.0 = Release|Any CPU
	EndGlobalSection
	GlobalSection(SolutionProperties) = preSolution
		HideSolutionNode = FALSE
	EndGlobalSection
	GlobalSection(ExtensibilityGlobals) = postSolution
		SolutionGuid = {6A832131-B432-45DB-A25E-DA3A34FE488A}
	EndGlobalSection
EndGlobal
